{
  "object": {
    "pins": [
      {
        "package": "Bundles",
        "repositoryURL": "https://github.com/elegantchaos/Bundles.git",
        "state": {
          "branch": null,
          "revision": "3a26a4c438cffe24a2943bbfd2aaf1acc25e79da",
          "version": "1.0.3"
        }
      },
      {
        "package": "CollectionExtensions",
        "repositoryURL": "https://github.com/elegantchaos/CollectionExtensions",
        "state": {
          "branch": null,
          "revision": "002f744b085c162f37783b8a629ae6364c558c3a",
          "version": "1.0.2"
        }
      },
      {
        "package": "DictionaryCoding",
        "repositoryURL": "https://github.com/elegantchaos/DictionaryCoding.git",
        "state": {
          "branch": null,
          "revision": "ae19e456bd550fed8f341e5bae4318333c53a5b4",
          "version": "1.0.9"
        }
      },
      {
        "package": "Files",
        "repositoryURL": "https://github.com/elegantchaos/Files",
        "state": {
          "branch": null,
          "revision": "fab79dce95afdcc1b7c6983d6874176465bd210a",
          "version": "1.0.4"
        }
      },
      {
        "package": "Hardware",
        "repositoryURL": "https://github.com/elegantchaos/Hardware.git",
        "state": {
          "branch": null,
          "revision": "a9f223b6aa675c37b6090e3d431346f5c73a1f3d",
          "version": "1.0.0"
        }
      },
      {
        "package": "Images",
        "repositoryURL": "https://github.com/elegantchaos/Images",
        "state": {
          "branch": null,
          "revision": "59a9088a3f83e4e074df55e6d74b38cf52ffe75d",
          "version": "1.0.0"
        }
      },
      {
        "package": "Logger",
        "repositoryURL": "https://github.com/elegantchaos/Logger.git",
        "state": {
          "branch": null,
          "revision": "cd67757f696ce6c8353d874d867a49b8e2306e2f",
          "version": "1.5.3"
        }
      },
      {
        "package": "SemanticVersion",
        "repositoryURL": "https://github.com/elegantchaos/SemanticVersion",
        "state": {
          "branch": null,
          "revision": "6bda5a45a2f687a82a0fbb002bee8ad31e44f478",
          "version": "1.1.0"
        }
      }
    ]
  },
  "version": 1
}
